
Microsoft Visual Studio Solution File, Format Version 12.00
# Visual Studio 15
VisualStudioVersion = 15.0.28307.757
MinimumVisualStudioVersion = 10.0.40219.1
Project("{2150E333-8FDC-42A3-9474-1A3956D46DE8}") = "Data", "Data", "{999D8FCD-6842-4F89-B845-B78C18C19C3E}"
EndProject
Project("{2150E333-8FDC-42A3-9474-1A3956D46DE8}") = "Negocio", "Negocio", "{FF9A669C-99B2-4A7B-BF5D-228D7D625132}"
EndProject
Project("{2150E333-8FDC-42A3-9474-1A3956D46DE8}") = "Dto", "Dto", "{4157FE27-1098-43DA-9746-9207251CF5EF}"
EndProject
Project("{2150E333-8FDC-42A3-9474-1A3956D46DE8}") = "Utilidades", "Utilidades", "{155C6A7F-57CC-4D9C-8AE9-27960E96B556}"
EndProject
Project("{2150E333-8FDC-42A3-9474-1A3956D46DE8}") = "Presentacion", "Presentacion", "{B319E538-7DBC-40F1-BE79-56C01FD4D647}"
EndProject
Project("{FAE04EC0-301F-11D3-BF4B-00C04F79EFBC}") = "Repository", "Repository\Repository.csproj", "{BD1739BB-3CEB-46C9-A8D7-A0F4BE089615}"
EndProject
Project("{FAE04EC0-301F-11D3-BF4B-00C04F79EFBC}") = "DataModelo", "DataModelo\DataModelo.csproj", "{DC48B3B7-825A-42CB-A0B4-AC5E850D6BD0}"
EndProject
Project("{FAE04EC0-301F-11D3-BF4B-00C04F79EFBC}") = "Data", "Data\Data.csproj", "{683CB02F-024D-4366-BEA3-14DA30B506D8}"
EndProject
Project("{FAE04EC0-301F-11D3-BF4B-00C04F79EFBC}") = "Dto", "Dto\Dto.csproj", "{5715819F-E565-45BB-8726-515DCED2BD7B}"
EndProject
Project("{FAE04EC0-301F-11D3-BF4B-00C04F79EFBC}") = "Negocio", "Negocio\Negocio.csproj", "{E3549AD6-6F55-441E-A365-DB7CEFF55A32}"
EndProject
Project("{FAE04EC0-301F-11D3-BF4B-00C04F79EFBC}") = "Calculos", "Calculos\Calculos.csproj", "{5C2FFDFF-5FDF-4079-8DB1-B2A686F194C8}"
EndProject
Project("{FAE04EC0-301F-11D3-BF4B-00C04F79EFBC}") = "Mapeo", "Mapeo\Mapeo.csproj", "{08663F73-E6FF-4E09-9CAA-CC42863CC18E}"
EndProject
Project("{FAE04EC0-301F-11D3-BF4B-00C04F79EFBC}") = "DataEntity", "DataEntity\DataEntity.csproj", "{5AE37A83-41FA-4F72-9561-65F41BBB2F86}"
EndProject
Global
	GlobalSection(SolutionConfigurationPlatforms) = preSolution
		Debug|Any CPU = Debug|Any CPU
		Release|Any CPU = Release|Any CPU
	EndGlobalSection
	GlobalSection(ProjectConfigurationPlatforms) = postSolution
		{BD1739BB-3CEB-46C9-A8D7-A0F4BE089615}.Debug|Any CPU.ActiveCfg = Debug|Any CPU
		{BD1739BB-3CEB-46C9-A8D7-A0F4BE089615}.Debug|Any CPU.Build.0 = Debug|Any CPU
		{BD1739BB-3CEB-46C9-A8D7-A0F4BE089615}.Release|Any CPU.ActiveCfg = Release|Any CPU
		{BD1739BB-3CEB-46C9-A8D7-A0F4BE089615}.Release|Any CPU.Build.0 = Release|Any CPU
		{DC48B3B7-825A-42CB-A0B4-AC5E850D6BD0}.Debug|Any CPU.ActiveCfg = Debug|Any CPU
		{DC48B3B7-825A-42CB-A0B4-AC5E850D6BD0}.Debug|Any CPU.Build.0 = Debug|Any CPU
		{DC48B3B7-825A-42CB-A0B4-AC5E850D6BD0}.Release|Any CPU.ActiveCfg = Release|Any CPU
		{DC48B3B7-825A-42CB-A0B4-AC5E850D6BD0}.Release|Any CPU.Build.0 = Release|Any CPU
		{683CB02F-024D-4366-BEA3-14DA30B506D8}.Debug|Any CPU.ActiveCfg = Debug|Any CPU
		{683CB02F-024D-4366-BEA3-14DA30B506D8}.Debug|Any CPU.Build.0 = Debug|Any CPU
		{683CB02F-024D-4366-BEA3-14DA30B506D8}.Release|Any CPU.ActiveCfg = Release|Any CPU
		{683CB02F-024D-4366-BEA3-14DA30B506D8}.Release|Any CPU.Build.0 = Release|Any CPU
		{5715819F-E565-45BB-8726-515DCED2BD7B}.Debug|Any CPU.ActiveCfg = Debug|Any CPU
		{5715819F-E565-45BB-8726-515DCED2BD7B}.Debug|Any CPU.Build.0 = Debug|Any CPU
		{5715819F-E565-45BB-8726-515DCED2BD7B}.Release|Any CPU.ActiveCfg = Release|Any CPU
		{5715819F-E565-45BB-8726-515DCED2BD7B}.Release|Any CPU.Build.0 = Release|Any CPU
		{E3549AD6-6F55-441E-A365-DB7CEFF55A32}.Debug|Any CPU.ActiveCfg = Debug|Any CPU
		{E3549AD6-6F55-441E-A365-DB7CEFF55A32}.Debug|Any CPU.Build.0 = Debug|Any CPU
		{E3549AD6-6F55-441E-A365-DB7CEFF55A32}.Release|Any CPU.ActiveCfg = Release|Any CPU
		{E3549AD6-6F55-441E-A365-DB7CEFF55A32}.Release|Any CPU.Build.0 = Release|Any CPU
		{5C2FFDFF-5FDF-4079-8DB1-B2A686F194C8}.Debug|Any CPU.ActiveCfg = Debug|Any CPU
		{5C2FFDFF-5FDF-4079-8DB1-B2A686F194C8}.Debug|Any CPU.Build.0 = Debug|Any CPU
		{5C2FFDFF-5FDF-4079-8DB1-B2A686F194C8}.Release|Any CPU.ActiveCfg = Release|Any CPU
		{5C2FFDFF-5FDF-4079-8DB1-B2A686F194C8}.Release|Any CPU.Build.0 = Release|Any CPU
		{08663F73-E6FF-4E09-9CAA-CC42863CC18E}.Debug|Any CPU.ActiveCfg = Debug|Any CPU
		{08663F73-E6FF-4E09-9CAA-CC42863CC18E}.Debug|Any CPU.Build.0 = Debug|Any CPU
		{08663F73-E6FF-4E09-9CAA-CC42863CC18E}.Release|Any CPU.ActiveCfg = Release|Any CPU
		{08663F73-E6FF-4E09-9CAA-CC42863CC18E}.Release|Any CPU.Build.0 = Release|Any CPU
		{5AE37A83-41FA-4F72-9561-65F41BBB2F86}.Debug|Any CPU.ActiveCfg = Debug|Any CPU
		{5AE37A83-41FA-4F72-9561-65F41BBB2F86}.Debug|Any CPU.Build.0 = Debug|Any CPU
		{5AE37A83-41FA-4F72-9561-65F41BBB2F86}.Release|Any CPU.ActiveCfg = Release|Any CPU
		{5AE37A83-41FA-4F72-9561-65F41BBB2F86}.Release|Any CPU.Build.0 = Release|Any CPU
	EndGlobalSection
	GlobalSection(SolutionProperties) = preSolution
		HideSolutionNode = FALSE
	EndGlobalSection
	GlobalSection(NestedProjects) = preSolution
		{BD1739BB-3CEB-46C9-A8D7-A0F4BE089615} = {999D8FCD-6842-4F89-B845-B78C18C19C3E}
		{DC48B3B7-825A-42CB-A0B4-AC5E850D6BD0} = {999D8FCD-6842-4F89-B845-B78C18C19C3E}
		{683CB02F-024D-4366-BEA3-14DA30B506D8} = {999D8FCD-6842-4F89-B845-B78C18C19C3E}
		{5715819F-E565-45BB-8726-515DCED2BD7B} = {4157FE27-1098-43DA-9746-9207251CF5EF}
		{E3549AD6-6F55-441E-A365-DB7CEFF55A32} = {FF9A669C-99B2-4A7B-BF5D-228D7D625132}
		{5C2FFDFF-5FDF-4079-8DB1-B2A686F194C8} = {B319E538-7DBC-40F1-BE79-56C01FD4D647}
		{08663F73-E6FF-4E09-9CAA-CC42863CC18E} = {155C6A7F-57CC-4D9C-8AE9-27960E96B556}
		{5AE37A83-41FA-4F72-9561-65F41BBB2F86} = {999D8FCD-6842-4F89-B845-B78C18C19C3E}
	EndGlobalSection
	GlobalSection(ExtensibilityGlobals) = postSolution
		SolutionGuid = {83E1ABF3-E7D3-4B74-92FD-A0A469E15DA4}
	EndGlobalSection
EndGlobal
